// !$*UTF8*$!
{
	archiveVersion = 1;
	classes = {
	};
	objectVersion = 46;
	objects = {

/* Begin PBXBuildFile section */
		36F424C5179DA471001F4FDE /* Foundation.framework in Frameworks */ = {isa = PBXBuildFile; fileRef = 36F424C4179DA471001F4FDE /* Foundation.framework */; };
		36F424C7179DA471001F4FDE /* CoreGraphics.framework in Frameworks */ = {isa = PBXBuildFile; fileRef = 36F424C6179DA471001F4FDE /* CoreGraphics.framework */; };
		36F424C9179DA471001F4FDE /* UIKit.framework in Frameworks */ = {isa = PBXBuildFile; fileRef = 36F424C8179DA471001F4FDE /* UIKit.framework */; };
		36F424CF179DA471001F4FDE /* InfoPlist.strings in Resources */ = {isa = PBXBuildFile; fileRef = 36F424CD179DA471001F4FDE /* InfoPlist.strings */; };
		36F424D1179DA471001F4FDE /* main.m in Sources */ = {isa = PBXBuildFile; fileRef = 36F424D0179DA471001F4FDE /* main.m */; };
		36F424D5179DA471001F4FDE /* MazeAppDelegate.m in Sources */ = {isa = PBXBuildFile; fileRef = 36F424D4179DA471001F4FDE /* MazeAppDelegate.m */; };
		36F424D8179DA471001F4FDE /* Main.storyboard in Resources */ = {isa = PBXBuildFile; fileRef = 36F424D6179DA471001F4FDE /* Main.storyboard */; };
		36F424DB179DA471001F4FDE /* MazeViewController.m in Sources */ = {isa = PBXBuildFile; fileRef = 36F424DA179DA471001F4FDE /* MazeViewController.m */; };
		36F424DD179DA471001F4FDE /* Images.xcassets in Resources */ = {isa = PBXBuildFile; fileRef = 36F424DC179DA471001F4FDE /* Images.xcassets */; };
		36F424E4179DA471001F4FDE /* XCTest.framework in Frameworks */ = {isa = PBXBuildFile; fileRef = 36F424E3179DA471001F4FDE /* XCTest.framework */; };
		36F424E5179DA471001F4FDE /* Foundation.framework in Frameworks */ = {isa = PBXBuildFile; fileRef = 36F424C4179DA471001F4FDE /* Foundation.framework */; };
		36F424E6179DA471001F4FDE /* UIKit.framework in Frameworks */ = {isa = PBXBuildFile; fileRef = 36F424C8179DA471001F4FDE /* UIKit.framework */; };
		36F424EE179DA471001F4FDE /* InfoPlist.strings in Resources */ = {isa = PBXBuildFile; fileRef = 36F424EC179DA471001F4FDE /* InfoPlist.strings */; };
		36F424F0179DA471001F4FDE /* MazeTests.m in Sources */ = {isa = PBXBuildFile; fileRef = 36F424EF179DA471001F4FDE /* MazeTests.m */; };
/* End PBXBuildFile section */

/* Begin PBXContainerItemProxy section */
		36F424E7179DA471001F4FDE /* PBXContainerItemProxy */ = {
			isa = PBXContainerItemProxy;
			containerPortal = 36F424B9179DA471001F4FDE /* Project object */;
			proxyType = 1;
			remoteGlobalIDString = 36F424C0179DA471001F4FDE;
			remoteInfo = Maze;
		};
/* End PBXContainerItemProxy section */

/* Begin PBXFileReference section */
		36F424C1179DA471001F4FDE /* Maze.app */ = {isa = PBXFileReference; explicitFileType = wrapper.application; includeInIndex = 0; path = Maze.app; sourceTree = BUILT_PRODUCTS_DIR; };
		36F424C4179DA471001F4FDE /* Foundation.framework */ = {isa = PBXFileReference; lastKnownFileType = wrapper.framework; name = Foundation.framework; path = System/Library/Frameworks/Foundation.framework; sourceTree = SDKROOT; };
		36F424C6179DA471001F4FDE /* CoreGraphics.framework */ = {isa = PBXFileReference; lastKnownFileType = wrapper.framework; name = CoreGraphics.framework; path = System/Library/Frameworks/CoreGraphics.framework; sourceTree = SDKROOT; };
		36F424C8179DA471001F4FDE /* UIKit.framework */ = {isa = PBXFileReference; lastKnownFileType = wrapper.framework; name = UIKit.framework; path = System/Library/Frameworks/UIKit.framework; sourceTree = SDKROOT; };
		36F424CC179DA471001F4FDE /* Maze-Info.plist */ = {isa = PBXFileReference; lastKnownFileType = text.plist.xml; path = "Maze-Info.plist"; sourceTree = "<group>"; };
		36F424CE179DA471001F4FDE /* en */ = {isa = PBXFileReference; lastKnownFileType = text.plist.strings; name = en; path = en.lproj/InfoPlist.strings; sourceTree = "<group>"; };
		36F424D0179DA471001F4FDE /* main.m */ = {isa = PBXFileReference; lastKnownFileType = sourcecode.c.objc; path = main.m; sourceTree = "<group>"; };
		36F424D2179DA471001F4FDE /* Maze-Prefix.pch */ = {isa = PBXFileReference; lastKnownFileType = sourcecode.c.h; path = "Maze-Prefix.pch"; sourceTree = "<group>"; };
		36F424D3179DA471001F4FDE /* MazeAppDelegate.h */ = {isa = PBXFileReference; lastKnownFileType = sourcecode.c.h; path = MazeAppDelegate.h; sourceTree = "<group>"; };
		36F424D4179DA471001F4FDE /* MazeAppDelegate.m */ = {isa = PBXFileReference; lastKnownFileType = sourcecode.c.objc; path = MazeAppDelegate.m; sourceTree = "<group>"; };
		36F424D7179DA471001F4FDE /* Base */ = {isa = PBXFileReference; lastKnownFileType = file.storyboard; name = Base; path = Base.lproj/Main.storyboard; sourceTree = "<group>"; };
		36F424D9179DA471001F4FDE /* MazeViewController.h */ = {isa = PBXFileReference; lastKnownFileType = sourcecode.c.h; path = MazeViewController.h; sourceTree = "<group>"; };
		36F424DA179DA471001F4FDE /* MazeViewController.m */ = {isa = PBXFileReference; lastKnownFileType = sourcecode.c.objc; path = MazeViewController.m; sourceTree = "<group>"; };
		36F424DC179DA471001F4FDE /* Images.xcassets */ = {isa = PBXFileReference; lastKnownFileType = folder.assetcatalog; path = Images.xcassets; sourceTree = "<group>"; };
		36F424E2179DA471001F4FDE /* MazeTests.xctest */ = {isa = PBXFileReference; explicitFileType = wrapper.cfbundle; includeInIndex = 0; path = MazeTests.xctest; sourceTree = BUILT_PRODUCTS_DIR; };
		36F424E3179DA471001F4FDE /* XCTest.framework */ = {isa = PBXFileReference; lastKnownFileType = wrapper.framework; name = XCTest.framework; path = Library/Frameworks/XCTest.framework; sourceTree = DEVELOPER_DIR; };
		36F424EB179DA471001F4FDE /* MazeTests-Info.plist */ = {isa = PBXFileReference; lastKnownFileType = text.plist.xml; path = "MazeTests-Info.plist"; sourceTree = "<group>"; };
		36F424ED179DA471001F4FDE /* en */ = {isa = PBXFileReference; lastKnownFileType = text.plist.strings; name = en; path = en.lproj/InfoPlist.strings; sourceTree = "<group>"; };
		36F424EF179DA471001F4FDE /* MazeTests.m */ = {isa = PBXFileReference; lastKnownFileType = sourcecode.c.objc; path = MazeTests.m; sourceTree = "<group>"; };
/* End PBXFileReference section */

/* Begin PBXFrameworksBuildPhase section */
		36F424BE179DA471001F4FDE /* Frameworks */ = {
			isa = PBXFrameworksBuildPhase;
			buildActionMask = 2147483647;
			files = (
				36F424C7179DA471001F4FDE /* CoreGraphics.framework in Frameworks */,
				36F424C9179DA471001F4FDE /* UIKit.framework in Frameworks */,
				36F424C5179DA471001F4FDE /* Foundation.framework in Frameworks */,
			);
			runOnlyForDeploymentPostprocessing = 0;
		};
		36F424DF179DA471001F4FDE /* Frameworks */ = {
			isa = PBXFrameworksBuildPhase;
			buildActionMask = 2147483647;
			files = (
				36F424E4179DA471001F4FDE /* XCTest.framework in Frameworks */,
				36F424E6179DA471001F4FDE /* UIKit.framework in Frameworks */,
				36F424E5179DA471001F4FDE /* Foundation.framework in Frameworks */,
			);
			runOnlyForDeploymentPostprocessing = 0;
		};
/* End PBXFrameworksBuildPhase section */

/* Begin PBXGroup section */
		36F424B8179DA471001F4FDE = {
			isa = PBXGroup;
			children = (
				36F424CA179DA471001F4FDE /* Maze */,
				36F424E9179DA471001F4FDE /* MazeTests */,
				36F424C3179DA471001F4FDE /* Frameworks */,
				36F424C2179DA471001F4FDE /* Products */,
			);
			sourceTree = "<group>";
		};
		36F424C2179DA471001F4FDE /* Products */ = {
			isa = PBXGroup;
			children = (
				36F424C1179DA471001F4FDE /* Maze.app */,
				36F424E2179DA471001F4FDE /* MazeTests.xctest */,
			);
			name = Products;
			sourceTree = "<group>";
		};
		36F424C3179DA471001F4FDE /* Frameworks */ = {
			isa = PBXGroup;
			children = (
				36F424C4179DA471001F4FDE /* Foundation.framework */,
				36F424C6179DA471001F4FDE /* CoreGraphics.framework */,
				36F424C8179DA471001F4FDE /* UIKit.framework */,
				36F424E3179DA471001F4FDE /* XCTest.framework */,
			);
			name = Frameworks;
			sourceTree = "<group>";
		};
		36F424CA179DA471001F4FDE /* Maze */ = {
			isa = PBXGroup;
			children = (
				36F424D3179DA471001F4FDE /* MazeAppDelegate.h */,
				36F424D4179DA471001F4FDE /* MazeAppDelegate.m */,
				36F424D6179DA471001F4FDE /* Main.storyboard */,
				36F424D9179DA471001F4FDE /* MazeViewController.h */,
				36F424DA179DA471001F4FDE /* MazeViewController.m */,
				36F424DC179DA471001F4FDE /* Images.xcassets */,
				36F424CB179DA471001F4FDE /* Supporting Files */,
			);
			path = Maze;
			sourceTree = "<group>";
		};
		36F424CB179DA471001F4FDE /* Supporting Files */ = {
			isa = PBXGroup;
			children = (
				36F424CC179DA471001F4FDE /* Maze-Info.plist */,
				36F424CD179DA471001F4FDE /* InfoPlist.strings */,
				36F424D0179DA471001F4FDE /* main.m */,
				36F424D2179DA471001F4FDE /* Maze-Prefix.pch */,
			);
			name = "Supporting Files";
			sourceTree = "<group>";
		};
		36F424E9179DA471001F4FDE /* MazeTests */ = {
			isa = PBXGroup;
			children = (
				36F424EF179DA471001F4FDE /* MazeTests.m */,
				36F424EA179DA471001F4FDE /* Supporting Files */,
			);
			path = MazeTests;
			sourceTree = "<group>";
		};
		36F424EA179DA471001F4FDE /* Supporting Files */ = {
			isa = PBXGroup;
			children = (
				36F424EB179DA471001F4FDE /* MazeTests-Info.plist */,
				36F424EC179DA471001F4FDE /* InfoPlist.strings */,
			);
			name = "Supporting Files";
			sourceTree = "<group>";
		};
/* End PBXGroup section */

/* Begin PBXNativeTarget section */
		36F424C0179DA471001F4FDE /* Maze */ = {
			isa = PBXNativeTarget;
			buildConfigurationList = 36F424F3179DA471001F4FDE /* Build configuration list for PBXNativeTarget "Maze" */;
			buildPhases = (
				36F424BD179DA471001F4FDE /* Sources */,
				36F424BE179DA471001F4FDE /* Frameworks */,
				36F424BF179DA471001F4FDE /* Resources */,
			);
			buildRules = (
			);
			dependencies = (
			);
			name = Maze;
			productName = Maze;
			productReference = 36F424C1179DA471001F4FDE /* Maze.app */;
			productType = "com.apple.product-type.application";
		};
		36F424E1179DA471001F4FDE /* MazeTests */ = {
			isa = PBXNativeTarget;
			buildConfigurationList = 36F424F6179DA471001F4FDE /* Build configuration list for PBXNativeTarget "MazeTests" */;
			buildPhases = (
				36F424DE179DA471001F4FDE /* Sources */,
				36F424DF179DA471001F4FDE /* Frameworks */,
				36F424E0179DA471001F4FDE /* Resources */,
			);
			buildRules = (
			);
			dependencies = (
				36F424E8179DA471001F4FDE /* PBXTargetDependency */,
			);
			name = MazeTests;
			productName = MazeTests;
			productReference = 36F424E2179DA471001F4FDE /* MazeTests.xctest */;
			productType = "com.apple.product-type.bundle.unit-test";
		};
/* End PBXNativeTarget section */

/* Begin PBXProject section */
		36F424B9179DA471001F4FDE /* Project object */ = {
			isa = PBXProject;
			attributes = {
				CLASSPREFIX = Maze;
				LastUpgradeCheck = 0500;
				ORGANIZATIONNAME = "Jorge Carlos Cueto Barnett";
				TargetAttributes = {
					36F424E1179DA471001F4FDE = {
						TestTargetID = 36F424C0179DA471001F4FDE;
					};
				};
			};
			buildConfigurationList = 36F424BC179DA471001F4FDE /* Build configuration list for PBXProject "Maze" */;
			compatibilityVersion = "Xcode 3.2";
			developmentRegion = English;
			hasScannedForEncodings = 0;
			knownRegions = (
				en,
				Base,
			);
			mainGroup = 36F424B8179DA471001F4FDE;
			productRefGroup = 36F424C2179DA471001F4FDE /* Products */;
			projectDirPath = "";
			projectRoot = "";
			targets = (
				36F424C0179DA471001F4FDE /* Maze */,
				36F424E1179DA471001F4FDE /* MazeTests */,
			);
		};
/* End PBXProject section */

/* Begin PBXResourcesBuildPhase section */
		36F424BF179DA471001F4FDE /* Resources */ = {
			isa = PBXResourcesBuildPhase;
			buildActionMask = 2147483647;
			files = (
				36F424DD179DA471001F4FDE /* Images.xcassets in Resources */,
				36F424CF179DA471001F4FDE /* InfoPlist.strings in Resources */,
				36F424D8179DA471001F4FDE /* Main.storyboard in Resources */,
			);
			runOnlyForDeploymentPostprocessing = 0;
		};
		36F424E0179DA471001F4FDE /* Resources */ = {
			isa = PBXResourcesBuildPhase;
			buildActionMask = 2147483647;
			files = (
				36F424EE179DA471001F4FDE /* InfoPlist.strings in Resources */,
			);
			runOnlyForDeploymentPostprocessing = 0;
		};
/* End PBXResourcesBuildPhase section */

/* Begin PBXSourcesBuildPhase section */
		36F424BD179DA471001F4FDE /* Sources */ = {
			isa = PBXSourcesBuildPhase;
			buildActionMask = 2147483647;
			files = (
				36F424D1179DA471001F4FDE /* main.m in Sources */,
				36F424D5179DA471001F4FDE /* MazeAppDelegate.m in Sources */,
				36F424DB179DA471001F4FDE /* MazeViewController.m in Sources */,
			);
			runOnlyForDeploymentPostprocessing = 0;
		};
		36F424DE179DA471001F4FDE /* Sources */ = {
			isa = PBXSourcesBuildPhase;
			buildActionMask = 2147483647;
			files = (
				36F424F0179DA471001F4FDE /* MazeTests.m in Sources */,
			);
			runOnlyForDeploymentPostprocessing = 0;
		};
/* End PBXSourcesBuildPhase section */

/* Begin PBXTargetDependency section */
		36F424E8179DA471001F4FDE /* PBXTargetDependency */ = {
			isa = PBXTargetDependency;
			target = 36F424C0179DA471001F4FDE /* Maze */;
			targetProxy = 36F424E7179DA471001F4FDE /* PBXContainerItemProxy */;
		};
/* End PBXTargetDependency section */

/* Begin PBXVariantGroup section */
		36F424CD179DA471001F4FDE /* InfoPlist.strings */ = {
			isa = PBXVariantGroup;
			children = (
				36F424CE179DA471001F4FDE /* en */,
			);
			name = InfoPlist.strings;
			sourceTree = "<group>";
		};
		36F424D6179DA471001F4FDE /* Main.storyboard */ = {
			isa = PBXVariantGroup;
			children = (
				36F424D7179DA471001F4FDE /* Base */,
			);
			name = Main.storyboard;
			sourceTree = "<group>";
		};
		36F424EC179DA471001F4FDE /* InfoPlist.strings */ = {
			isa = PBXVariantGroup;
			children = (
				36F424ED179DA471001F4FDE /* en */,
			);
			name = InfoPlist.strings;
			sourceTree = "<group>";
		};
/* End PBXVariantGroup section */

/* Begin XCBuildConfiguration section */
		36F424F1179DA471001F4FDE /* Debug */ = {
			isa = XCBuildConfiguration;
			buildSettings = {
				ALWAYS_SEARCH_USER_PATHS = NO;
				CLANG_CXX_LANGUAGE_STANDARD = "gnu++0x";
				CLANG_CXX_LIBRARY = "libc++";
				CLANG_ENABLE_MODULES = YES;
				CLANG_ENABLE_OBJC_ARC = YES;
				CLANG_WARN_BOOL_CONVERSION = YES;
				CLANG_WARN_CONSTANT_CONVERSION = YES;
				CLANG_WARN_DIRECT_OBJC_ISA_USAGE = YES_ERROR;
				CLANG_WARN_EMPTY_BODY = YES;
				CLANG_WARN_ENUM_CONVERSION = YES;
				CLANG_WARN_INT_CONVERSION = YES;
				CLANG_WARN_OBJC_ROOT_CLASS = YES_ERROR;
				CLANG_WARN__DUPLICATE_METHOD_MATCH = YES;
				"CODE_SIGN_IDENTITY[sdk=iphoneos*]" = "iPhone Developer";
				COPY_PHASE_STRIP = NO;
				GCC_C_LANGUAGE_STANDARD = gnu99;
				GCC_DYNAMIC_NO_PIC = NO;
				GCC_OPTIMIZATION_LEVEL = 0;
				GCC_PREPROCESSOR_DEFINITIONS = (
					"DEBUG=1",
					"$(inherited)",
				);
				GCC_SYMBOLS_PRIVATE_EXTERN = NO;
				GCC_WARN_ABOUT_RETURN_TYPE = YES_ERROR;
				GCC_WARN_UNDECLARED_SELECTOR = YES;
				GCC_WARN_UNINITIALIZED_AUTOS = YES;
				GCC_WARN_UNUSED_FUNCTION = YES;
				GCC_WARN_UNUSED_VARIABLE = YES;
				IPHONEOS_DEPLOYMENT_TARGET = 7.0;
				ONLY_ACTIVE_ARCH = YES;
				SDKROOT = iphoneos;
			};
			name = Debug;
		};
		36F424F2179DA471001F4FDE /* Release */ = {
			isa = XCBuildConfiguration;
			buildSettings = {
				ALWAYS_SEARCH_USER_PATHS = NO;
				CLANG_CXX_LANGUAGE_STANDARD = "gnu++0x";
				CLANG_CXX_LIBRARY = "libc++";
				CLANG_ENABLE_MODULES = YES;
				CLANG_ENABLE_OBJC_ARC = YES;
				CLANG_WARN_BOOL_CONVERSION = YES;
				CLANG_WARN_CONSTANT_CONVERSION = YES;
				CLANG_WARN_DIRECT_OBJC_ISA_USAGE = YES_ERROR;
				CLANG_WARN_EMPTY_BODY = YES;
				CLANG_WARN_ENUM_CONVERSION = YES;
				CLANG_WARN_INT_CONVERSION = YES;
				CLANG_WARN_OBJC_ROOT_CLASS = YES_ERROR;
				CLANG_WARN__DUPLICATE_METHOD_MATCH = YES;
				"CODE_SIGN_IDENTITY[sdk=iphoneos*]" = "iPhone Developer";
				COPY_PHASE_STRIP = YES;
				ENABLE_NS_ASSERTIONS = NO;
				GCC_C_LANGUAGE_STANDARD = gnu99;
				GCC_WARN_ABOUT_RETURN_TYPE = YES_ERROR;
				GCC_WARN_UNDECLARED_SELECTOR = YES;
				GCC_WARN_UNINITIALIZED_AUTOS = YES;
				GCC_WARN_UNUSED_FUNCTION = YES;
				GCC_WARN_UNUSED_VARIABLE = YES;
				IPHONEOS_DEPLOYMENT_TARGET = 7.0;
				SDKROOT = iphoneos;
				VALIDATE_PRODUCT = YES;
			};
			name = Release;
		};
		36F424F4179DA471001F4FDE /* Debug */ = {
			isa = XCBuildConfiguration;
			buildSettings = {
				ASSETCATALOG_COMPILER_APPICON_NAME = AppIcon;
				ASSETCATALOG_COMPILER_LAUNCHIMAGE_NAME = LaunchImage;
				GCC_PRECOMPILE_PREFIX_HEADER = YES;
				GCC_PREFIX_HEADER = "Maze/Maze-Prefix.pch";
				INFOPLIST_FILE = "Maze/Maze-Info.plist";
				PRODUCT_NAME = "$(TARGET_NAME)";
				WRAPPER_EXTENSION = app;
			};
			name = Debug;
		};
		36F424F5179DA471001F4FDE /* Release */ = {
			isa = XCBuildConfiguration;
			buildSettings = {
				ASSETCATALOG_COMPILER_APPICON_NAME = AppIcon;
				ASSETCATALOG_COMPILER_LAUNCHIMAGE_NAME = LaunchImage;
				GCC_PRECOMPILE_PREFIX_HEADER = YES;
				GCC_PREFIX_HEADER = "Maze/Maze-Prefix.pch";
				INFOPLIST_FILE = "Maze/Maze-Info.plist";
				PRODUCT_NAME = "$(TARGET_NAME)";
				WRAPPER_EXTENSION = app;
			};
			name = Release;
		};
		36F424F7179DA471001F4FDE /* Debug */ = {
			isa = XCBuildConfiguration;
			buildSettings = {
				BUNDLE_LOADER = "$(BUILT_PRODUCTS_DIR)/Maze.app/Maze";
				FRAMEWORK_SEARCH_PATHS = (
					"$(SDKROOT)/Developer/Library/Frameworks",
					"$(inherited)",
					"$(SYSTEM_APPS_DIR)/Xcode5-DP3.app/Contents/Developer/Library/Frameworks",
				);
				GCC_PRECOMPILE_PREFIX_HEADER = YES;
				GCC_PREFIX_HEADER = "Maze/Maze-Prefix.pch";
				GCC_PREPROCESSOR_DEFINITIONS = (
					"DEBUG=1",
					"$(inherited)",
				);
				INFOPLIST_FILE = "MazeTests/MazeTests-Info.plist";
				PRODUCT_NAME = "$(TARGET_NAME)";
				TEST_HOST = "$(BUNDLE_LOADER)";
				WRAPPER_EXTENSION = xctest;
			};
			name = Debug;
		};
		36F424F8179DA471001F4FDE /* Release */ = {
			isa = XCBuildConfiguration;
			buildSettings = {
				BUNDLE_LOADER = "$(BUILT_PRODUCTS_DIR)/Maze.app/Maze";
				FRAMEWORK_SEARCH_PATHS = (
					"$(SDKROOT)/Developer/Library/Frameworks",
					"$(inherited)",
					"$(SYSTEM_APPS_DIR)/Xcode5-DP3.app/Contents/Developer/Library/Frameworks",
				);
				GCC_PRECOMPILE_PREFIX_HEADER = YES;
				GCC_PREFIX_HEADER = "Maze/Maze-Prefix.pch";
				INFOPLIST_FILE = "MazeTests/MazeTests-Info.plist";
				PRODUCT_NAME = "$(TARGET_NAME)";
				TEST_HOST = "$(BUNDLE_LOADER)";
				WRAPPER_EXTENSION = xctest;
			};
			name = Release;
		};
/* End XCBuildConfiguration section */

/* Begin XCConfigurationList section */
		36F424BC179DA471001F4FDE /* Build configuration list for PBXProject "Maze" */ = {
			isa = XCConfigurationList;
			buildConfigurations = (
				36F424F1179DA471001F4FDE /* Debug */,
				36F424F2179DA471001F4FDE /* Release */,
			);
			defaultConfigurationIsVisible = 0;
			defaultConfigurationName = Release;
		};
		36F424F3179DA471001F4FDE /* Build configuration list for PBXNativeTarget "Maze" */ = {
			isa = XCConfigurationList;
			buildConfigurations = (
				36F424F4179DA471001F4FDE /* Debug */,
				36F424F5179DA471001F4FDE /* Release */,
			);
			defaultConfigurationIsVisible = 0;
		};
		36F424F6179DA471001F4FDE /* Build configuration list for PBXNativeTarget "MazeTests" */ = {
			isa = XCConfigurationList;
			buildConfigurations = (
				36F424F7179DA471001F4FDE /* Debug */,
				36F424F8179DA471001F4FDE /* Release */,
			);
			defaultConfigurationIsVisible = 0;
		};
/* End XCConfigurationList section */
	};
	rootObject = 36F424B9179DA471001F4FDE /* Project object */;
}
